
Microsoft Visual Studio Solution File, Format Version 12.00
# Visual Studio Version 16
VisualStudioVersion = 16.0.31515.178
MinimumVisualStudioVersion = 10.0.40219.1
Project("{FAE04EC0-301F-11D3-BF4B-00C04F79EFBC}") = "JSON.UI", "JSON.UI\JSON.UI.csproj", "{BD32AAF1-EC48-4AAC-AB0C-E3C127E353C6}"
EndProject
Project("{FAE04EC0-301F-11D3-BF4B-00C04F79EFBC}") = "JSON.DataSource", "JSON.DataSource\JSON.DataSource.csproj", "{98A30F5D-DA22-42A1-9CA4-4EF36A404A29}"
EndProject
Global
	GlobalSection(SolutionConfigurationPlatforms) = preSolution
		Debug|Any CPU = Debug|Any CPU
		Release|Any CPU = Release|Any CPU
	EndGlobalSection
	GlobalSection(ProjectConfigurationPlatforms) = postSolution
		{BD32AAF1-EC48-4AAC-AB0C-E3C127E353C6}.Debug|Any CPU.ActiveCfg = Debug|Any CPU
		{BD32AAF1-EC48-4AAC-AB0C-E3C127E353C6}.Debug|Any CPU.Build.0 = Debug|Any CPU
		{BD32AAF1-EC48-4AAC-AB0C-E3C127E353C6}.Release|Any CPU.ActiveCfg = Release|Any CPU
		{BD32AAF1-EC48-4AAC-AB0C-E3C127E353C6}.Release|Any CPU.Build.0 = Release|Any CPU
		{98A30F5D-DA22-42A1-9CA4-4EF36A404A29}.Debug|Any CPU.ActiveCfg = Debug|Any CPU
		{98A30F5D-DA22-42A1-9CA4-4EF36A404A29}.Debug|Any CPU.Build.0 = Debug|Any CPU
		{98A30F5D-DA22-42A1-9CA4-4EF36A404A29}.Release|Any CPU.ActiveCfg = Release|Any CPU
		{98A30F5D-DA22-42A1-9CA4-4EF36A404A29}.Release|Any CPU.Build.0 = Release|Any CPU
	EndGlobalSection
	GlobalSection(SolutionProperties) = preSolution
		HideSolutionNode = FALSE
	EndGlobalSection
	GlobalSection(ExtensibilityGlobals) = postSolution
		SolutionGuid = {1B1B55BD-AC17-4EF0-A37E-DB037C28ADDE}
	EndGlobalSection
EndGlobal
